{
  "lockfile_version": "1",
  "packages": {
    "github:NixOS/nixpkgs/nixpkgs-unstable": {
      "last_modified": "2025-11-26T14:39:26Z",
      "resolved": "github:NixOS/nixpkgs/5c46f3bd98147c8d82366df95bbef2cab3a967ea?lastModified=1764167966&narHash=sha256-nXv6xb7cq%2BXpjBYIjWEGTLCqQetxJu6zvVlrqHMsCOA%3D"
    },
    "go@1.25": {
      "last_modified": "2025-11-23T21:50:36Z",
      "resolved": "github:NixOS/nixpkgs/ee09932cedcef15aaf476f9343d1dea2cb77e261#go",
      "source": "devbox-search",
      "version": "1.25.4",
      "systems": {
        "aarch64-darwin": {
          "outputs": [
            {
              "name": "out",
              "path": "/nix/store/52f5kjcmgmvgrz3rij676b3rjmgg5l5g-go-1.25.4",
              "default": true
            }
          ],
          "store_path": "/nix/store/52f5kjcmgmvgrz3rij676b3rjmgg5l5g-go-1.25.4"
        },
        "aarch64-linux": {
          "outputs": [
            {
              "name": "out",
              "path": "/nix/store/2ajrlmz1qdpm9k9ankhnp3973wxg1gqs-go-1.25.4",
              "default": true
            }
          ],
          "store_path": "/nix/store/2ajrlmz1qdpm9k9ankhnp3973wxg1gqs-go-1.25.4"
        },
        "x86_64-darwin": {
          "outputs": [
            {
              "name": "out",
              "path": "/nix/store/1rqpvp45rl4sr1l0czrlbmv8jqj9sa7r-go-1.25.4",
              "default": true
            }
          ],
          "store_path": "/nix/store/1rqpvp45rl4sr1l0czrlbmv8jqj9sa7r-go-1.25.4"
        },
        "x86_64-linux": {
          "outputs": [
            {
              "name": "out",
              "path": "/nix/store/0a3dyfq09dnkw28ap2i450wjimvdmv6s-go-1.25.4",
              "default": true
            }
          ],
          "store_path": "/nix/store/0a3dyfq09dnkw28ap2i450wjimvdmv6s-go-1.25.4"
        }
      }
    },
    "goreleaser@latest": {
      "last_modified": "2025-11-23T21:50:36Z",
      "resolved": "github:NixOS/nixpkgs/ee09932cedcef15aaf476f9343d1dea2cb77e261#goreleaser",
      "source": "devbox-search",
      "version": "2.12.7",
      "systems": {
        "aarch64-darwin": {
          "outputs": [
            {
              "name": "out",
              "path": "/nix/store/il6x101sc3xj68rc6vpwxj3kzg70jn41-goreleaser-2.12.7",
              "default": true
            }
          ],
          "store_path": "/nix/store/il6x101sc3xj68rc6vpwxj3kzg70jn41-goreleaser-2.12.7"
        },
        "aarch64-linux": {
          "outputs": [
            {
              "name": "out",
              "path": "/nix/store/gl13q08k5ic2y1j6zizrsshq6a6nr3i2-goreleaser-2.12.7",
              "default": true
            }
          ],
          "store_path": "/nix/store/gl13q08k5ic2y1j6zizrsshq6a6nr3i2-goreleaser-2.12.7"
        },
        "x86_64-darwin": {
          "outputs": [
            {
              "name": "out",
              "path": "/nix/store/4aaqjzap4f65a1xgmgkjwix0ryi66crl-goreleaser-2.12.7",
              "default": true
            }
          ],
          "store_path": "/nix/store/4aaqjzap4f65a1xgmgkjwix0ryi66crl-goreleaser-2.12.7"
        },
        "x86_64-linux": {
          "outputs": [
            {
              "name": "out",
              "path": "/nix/store/qbc1d4g9jyliz0jsrg9pnr608m305bjw-goreleaser-2.12.7",
              "default": true
            }
          ],
          "store_path": "/nix/store/qbc1d4g9jyliz0jsrg9pnr608m305bjw-goreleaser-2.12.7"
        }
      }
    }
  }
}
