{
  "lockfile_version": "1",
  "packages": {
    "github:NixOS/nixpkgs/nixpkgs-unstable": {
      "last_modified": "2025-11-26T14:39:26Z",
      "resolved": "github:NixOS/nixpkgs/5c46f3bd98147c8d82366df95bbef2cab3a967ea?lastModified=1764167966&narHash=sha256-nXv6xb7cq%2BXpjBYIjWEGTLCqQetxJu6zvVlrqHMsCOA%3D"
    },
    "go@1.27": {
      "last_modified": "2026-10-07T09:43:42Z",
      "resolved": "github:NixOS/nixpkgs/39ad350a0602fa0a58a544344e3e9187526ea45c#go_1_27",
      "source": "devbox-search",
      "version": "1.27.1",
      "systems": {
        "aarch64-darwin": {
          "outputs": [
            {
              "name": "out",
              "path": "/nix/store/v0l8ihkyjdqqx97g0b8lkllicmalj0lq-go-1.27.1",
              "default": true
            }
          ],
          "store_path": "/nix/store/v0l8ihkyjdqqx97g0b8lkllicmalj0lq-go-1.27.1"
        },
        "aarch64-linux": {
          "outputs": [
            {
              "name": "out",
              "path": "/nix/store/ba7p38wfl0pm8c1k4a7x9z35yk8kv719-go-1.27.1",
              "default": true
            }
          ],
          "store_path": "/nix/store/ba7p38wfl0pm8c1k4a7x9z35yk8kv719-go-1.27.1"
        },
        "x86_64-linux": {
          "outputs": [
            {
              "name": "out",
              "path": "/nix/store/pn86sk63a2lpmwx16vj4s5871slkyzfw-go-1.27.1",
              "default": true
            }
          ],
          "store_path": "/nix/store/pn86sk63a2lpmwx16vj4s5871slkyzfw-go-1.27.1"
        }
      }
    },
    "goreleaser@0.184.0": {
      "last_modified": "2021-11-29T12:42:14Z",
      "resolved": "github:NixOS/nixpkgs/f366af7a1b3891d9370091ab03150d3a6ee138fa#goreleaser",
      "source": "devbox-search",
      "version": "0.184.0"
    }
  }
}
